
Microsoft Visual Studio Solution File, Format Version 12.00
# Visual Studio Version 16
VisualStudioVersion = 16.0.29102.190
MinimumVisualStudioVersion = 10.0.40219.1
Project("{FAE04EC0-301F-11D3-BF4B-00C04F79EFBC}") = "Creational.Singleton.Monostate", "Creational.Singleton.Monostate\Creational.Singleton.Monostate.csproj", "{9228397F-289C-4F2C-A118-33CA0D667601}"
EndProject
Global
	GlobalSection(SolutionConfigurationPlatforms) = preSolution
		Debug|Any CPU = Debug|Any CPU
		Release|Any CPU = Release|Any CPU
	EndGlobalSection
	GlobalSection(ProjectConfigurationPlatforms) = postSolution
		{9228397F-289C-4F2C-A118-33CA0D667601}.Debug|Any CPU.ActiveCfg = Debug|Any CPU
		{9228397F-289C-4F2C-A118-33CA0D667601}.Debug|Any CPU.Build.0 = Debug|Any CPU
		{9228397F-289C-4F2C-A118-33CA0D667601}.Release|Any CPU.ActiveCfg = Release|Any CPU
		{9228397F-289C-4F2C-A118-33CA0D667601}.Release|Any CPU.Build.0 = Release|Any CPU
	EndGlobalSection
	GlobalSection(SolutionProperties) = preSolution
		HideSolutionNode = FALSE
	EndGlobalSection
	GlobalSection(ExtensibilityGlobals) = postSolution
		SolutionGuid = {DB7B977B-0BCE-4EAA-B09E-272FACB77F7E}
	EndGlobalSection
EndGlobal
